// !$*UTF8*$!
{
	archiveVersion = 1;
	classes = {
	};
	objectVersion = 48;
	objects = {

/* Begin PBXBuildFile section */
		6DE04AB72063F0CD00103750 /* AppDelegate.swift in Sources */ = {isa = PBXBuildFile; fileRef = 6DE04AB62063F0CD00103750 /* AppDelegate.swift */; };
		6DE04AB92063F0CD00103750 /* ViewController.swift in Sources */ = {isa = PBXBuildFile; fileRef = 6DE04AB82063F0CD00103750 /* ViewController.swift */; };
		6DE04ABC2063F0CD00103750 /* Main.storyboard in Resources */ = {isa = PBXBuildFile; fileRef = 6DE04ABA2063F0CD00103750 /* Main.storyboard */; };
		6DE04ABF2063F0CD00103750 /* Example.xcdatamodeld in Sources */ = {isa = PBXBuildFile; fileRef = 6DE04ABD2063F0CD00103750 /* Example.xcdatamodeld */; };
		6DE04AC12063F0CD00103750 /* Assets.xcassets in Resources */ = {isa = PBXBuildFile; fileRef = 6DE04AC02063F0CD00103750 /* Assets.xcassets */; };
		6DE04AC42063F0CD00103750 /* LaunchScreen.storyboard in Resources */ = {isa = PBXBuildFile; fileRef = 6DE04AC22063F0CD00103750 /* LaunchScreen.storyboard */; };
		6DE04ACF2063F0CE00103750 /* ExampleTests.swift in Sources */ = {isa = PBXBuildFile; fileRef = 6DE04ACE2063F0CE00103750 /* ExampleTests.swift */; };
		6DE04ADA2063F0CE00103750 /* ExampleUITests.swift in Sources */ = {isa = PBXBuildFile; fileRef = 6DE04AD92063F0CE00103750 /* ExampleUITests.swift */; };
/* End PBXBuildFile section */

/* Begin PBXContainerItemProxy section */
		6DE04ACB2063F0CE00103750 /* PBXContainerItemProxy */ = {
			isa = PBXContainerItemProxy;
			containerPortal = 6DE04AAB2063F0CD00103750 /* Project object */;
			proxyType = 1;
			remoteGlobalIDString = 6DE04AB22063F0CD00103750;
			remoteInfo = Example;
		};
		6DE04AD62063F0CE00103750 /* PBXContainerItemProxy */ = {
			isa = PBXContainerItemProxy;
			containerPortal = 6DE04AAB2063F0CD00103750 /* Project object */;
			proxyType = 1;
			remoteGlobalIDString = 6DE04AB22063F0CD00103750;
			remoteInfo = Example;
		};
/* End PBXContainerItemProxy section */

/* Begin PBXFileReference section */
		6DE04AB32063F0CD00103750 /* Example.app */ = {isa = PBXFileReference; explicitFileType = wrapper.application; includeInIndex = 0; path = Example.app; sourceTree = BUILT_PRODUCTS_DIR; };
		6DE04AB62063F0CD00103750 /* AppDelegate.swift */ = {isa = PBXFileReference; lastKnownFileType = sourcecode.swift; path = AppDelegate.swift; sourceTree = "<group>"; };
		6DE04AB82063F0CD00103750 /* ViewController.swift */ = {isa = PBXFileReference; lastKnownFileType = sourcecode.swift; path = ViewController.swift; sourceTree = "<group>"; };
		6DE04ABB2063F0CD00103750 /* Base */ = {isa = PBXFileReference; lastKnownFileType = file.storyboard; name = Base; path = Base.lproj/Main.storyboard; sourceTree = "<group>"; };
		6DE04ABE2063F0CD00103750 /* Example.xcdatamodel */ = {isa = PBXFileReference; lastKnownFileType = wrapper.xcdatamodel; path = Example.xcdatamodel; sourceTree = "<group>"; };
		6DE04AC02063F0CD00103750 /* Assets.xcassets */ = {isa = PBXFileReference; lastKnownFileType = folder.assetcatalog; path = Assets.xcassets; sourceTree = "<group>"; };
		6DE04AC32063F0CD00103750 /* Base */ = {isa = PBXFileReference; lastKnownFileType = file.storyboard; name = Base; path = Base.lproj/LaunchScreen.storyboard; sourceTree = "<group>"; };
		6DE04AC52063F0CD00103750 /* Info.plist */ = {isa = PBXFileReference; lastKnownFileType = text.plist.xml; path = Info.plist; sourceTree = "<group>"; };
		6DE04ACA2063F0CE00103750 /* ExampleTests.xctest */ = {isa = PBXFileReference; explicitFileType = wrapper.cfbundle; includeInIndex = 0; path = ExampleTests.xctest; sourceTree = BUILT_PRODUCTS_DIR; };
		6DE04ACE2063F0CE00103750 /* ExampleTests.swift */ = {isa = PBXFileReference; lastKnownFileType = sourcecode.swift; path = ExampleTests.swift; sourceTree = "<group>"; };
		6DE04AD02063F0CE00103750 /* Info.plist */ = {isa = PBXFileReference; lastKnownFileType = text.plist.xml; path = Info.plist; sourceTree = "<group>"; };
		6DE04AD52063F0CE00103750 /* ExampleUITests.xctest */ = {isa = PBXFileReference; explicitFileType = wrapper.cfbundle; includeInIndex = 0; path = ExampleUITests.xctest; sourceTree = BUILT_PRODUCTS_DIR; };
		6DE04AD92063F0CE00103750 /* ExampleUITests.swift */ = {isa = PBXFileReference; lastKnownFileType = sourcecode.swift; path = ExampleUITests.swift; sourceTree = "<group>"; };
		6DE04ADB2063F0CE00103750 /* Info.plist */ = {isa = PBXFileReference; lastKnownFileType = text.plist.xml; path = Info.plist; sourceTree = "<group>"; };
/* End PBXFileReference section */

/* Begin PBXFrameworksBuildPhase section */
		6DE04AB02063F0CD00103750 /* Frameworks */ = {
			isa = PBXFrameworksBuildPhase;
			buildActionMask = 2147483647;
			files = (
			);
			runOnlyForDeploymentPostprocessing = 0;
		};
		6DE04AC72063F0CE00103750 /* Frameworks */ = {
			isa = PBXFrameworksBuildPhase;
			buildActionMask = 2147483647;
			files = (
			);
			runOnlyForDeploymentPostprocessing = 0;
		};
		6DE04AD22063F0CE00103750 /* Frameworks */ = {
			isa = PBXFrameworksBuildPhase;
			buildActionMask = 2147483647;
			files = (
			);
			runOnlyForDeploymentPostprocessing = 0;
		};
/* End PBXFrameworksBuildPhase section */

/* Begin PBXGroup section */
		6DE04AAA2063F0CD00103750 = {
			isa = PBXGroup;
			children = (
				6DE04AB52063F0CD00103750 /* Example */,
				6DE04ACD2063F0CE00103750 /* ExampleTests */,
				6DE04AD82063F0CE00103750 /* ExampleUITests */,
				6DE04AB42063F0CD00103750 /* Products */,
			);
			sourceTree = "<group>";
		};
		6DE04AB42063F0CD00103750 /* Products */ = {
			isa = PBXGroup;
			children = (
				6DE04AB32063F0CD00103750 /* Example.app */,
				6DE04ACA2063F0CE00103750 /* ExampleTests.xctest */,
				6DE04AD52063F0CE00103750 /* ExampleUITests.xctest */,
			);
			name = Products;
			sourceTree = "<group>";
		};
		6DE04AB52063F0CD00103750 /* Example */ = {
			isa = PBXGroup;
			children = (
				6DE04AB62063F0CD00103750 /* AppDelegate.swift */,
				6DE04AB82063F0CD00103750 /* ViewController.swift */,
				6DE04ABA2063F0CD00103750 /* Main.storyboard */,
				6DE04AC02063F0CD00103750 /* Assets.xcassets */,
				6DE04AC22063F0CD00103750 /* LaunchScreen.storyboard */,
				6DE04AC52063F0CD00103750 /* Info.plist */,
				6DE04ABD2063F0CD00103750 /* Example.xcdatamodeld */,
			);
			path = Example;
			sourceTree = "<group>";
		};
		6DE04ACD2063F0CE00103750 /* ExampleTests */ = {
			isa = PBXGroup;
			children = (
				6DE04ACE2063F0CE00103750 /* ExampleTests.swift */,
				6DE04AD02063F0CE00103750 /* Info.plist */,
			);
			path = ExampleTests;
			sourceTree = "<group>";
		};
		6DE04AD82063F0CE00103750 /* ExampleUITests */ = {
			isa = PBXGroup;
			children = (
				6DE04AD92063F0CE00103750 /* ExampleUITests.swift */,
				6DE04ADB2063F0CE00103750 /* Info.plist */,
			);
			path = ExampleUITests;
			sourceTree = "<group>";
		};
/* End PBXGroup section */

/* Begin PBXNativeTarget section */
		6DE04AB22063F0CD00103750 /* Example */ = {
			isa = PBXNativeTarget;
			buildConfigurationList = 6DE04ADE2063F0CE00103750 /* Build configuration list for PBXNativeTarget "Example" */;
			buildPhases = (
				6DE04AAF2063F0CD00103750 /* Sources */,
				6DE04AB02063F0CD00103750 /* Frameworks */,
				6DE04AB12063F0CD00103750 /* Resources */,
			);
			buildRules = (
			);
			dependencies = (
			);
			name = Example;
			productName = Example;
			productReference = 6DE04AB32063F0CD00103750 /* Example.app */;
			productType = "com.apple.product-type.application";
		};
		6DE04AC92063F0CE00103750 /* ExampleTests */ = {
			isa = PBXNativeTarget;
			buildConfigurationList = 6DE04AE12063F0CE00103750 /* Build configuration list for PBXNativeTarget "ExampleTests" */;
			buildPhases = (
				6DE04AC62063F0CE00103750 /* Sources */,
				6DE04AC72063F0CE00103750 /* Frameworks */,
				6DE04AC82063F0CE00103750 /* Resources */,
			);
			buildRules = (
			);
			dependencies = (
				6DE04ACC2063F0CE00103750 /* PBXTargetDependency */,
			);
			name = ExampleTests;
			productName = ExampleTests;
			productReference = 6DE04ACA2063F0CE00103750 /* ExampleTests.xctest */;
			productType = "com.apple.product-type.bundle.unit-test";
		};
		6DE04AD42063F0CE00103750 /* ExampleUITests */ = {
			isa = PBXNativeTarget;
			buildConfigurationList = 6DE04AE42063F0CE00103750 /* Build configuration list for PBXNativeTarget "ExampleUITests" */;
			buildPhases = (
				6DE04AD12063F0CE00103750 /* Sources */,
				6DE04AD22063F0CE00103750 /* Frameworks */,
				6DE04AD32063F0CE00103750 /* Resources */,
			);
			buildRules = (
			);
			dependencies = (
				6DE04AD72063F0CE00103750 /* PBXTargetDependency */,
			);
			name = ExampleUITests;
			productName = ExampleUITests;
			productReference = 6DE04AD52063F0CE00103750 /* ExampleUITests.xctest */;
			productType = "com.apple.product-type.bundle.ui-testing";
		};
/* End PBXNativeTarget section */

/* Begin PBXProject section */
		6DE04AAB2063F0CD00103750 /* Project object */ = {
			isa = PBXProject;
			attributes = {
				LastSwiftUpdateCheck = 0920;
				LastUpgradeCheck = 0920;
				ORGANIZATIONNAME = "Daniel Cabello";
				TargetAttributes = {
					6DE04AB22063F0CD00103750 = {
						CreatedOnToolsVersion = 9.2;
						ProvisioningStyle = Automatic;
					};
					6DE04AC92063F0CE00103750 = {
						CreatedOnToolsVersion = 9.2;
						ProvisioningStyle = Automatic;
						TestTargetID = 6DE04AB22063F0CD00103750;
					};
					6DE04AD42063F0CE00103750 = {
						CreatedOnToolsVersion = 9.2;
						ProvisioningStyle = Automatic;
						TestTargetID = 6DE04AB22063F0CD00103750;
					};
				};
			};
			buildConfigurationList = 6DE04AAE2063F0CD00103750 /* Build configuration list for PBXProject "Example" */;
			compatibilityVersion = "Xcode 8.0";
			developmentRegion = en;
			hasScannedForEncodings = 0;
			knownRegions = (
				en,
				Base,
			);
			mainGroup = 6DE04AAA2063F0CD00103750;
			productRefGroup = 6DE04AB42063F0CD00103750 /* Products */;
			projectDirPath = "";
			projectRoot = "";
			targets = (
				6DE04AB22063F0CD00103750 /* Example */,
				6DE04AC92063F0CE00103750 /* ExampleTests */,
				6DE04AD42063F0CE00103750 /* ExampleUITests */,
			);
		};
/* End PBXProject section */

/* Begin PBXResourcesBuildPhase section */
		6DE04AB12063F0CD00103750 /* Resources */ = {
			isa = PBXResourcesBuildPhase;
			buildActionMask = 2147483647;
			files = (
				6DE04AC42063F0CD00103750 /* LaunchScreen.storyboard in Resources */,
				6DE04AC12063F0CD00103750 /* Assets.xcassets in Resources */,
				6DE04ABC2063F0CD00103750 /* Main.storyboard in Resources */,
			);
			runOnlyForDeploymentPostprocessing = 0;
		};
		6DE04AC82063F0CE00103750 /* Resources */ = {
			isa = PBXResourcesBuildPhase;
			buildActionMask = 2147483647;
			files = (
			);
			runOnlyForDeploymentPostprocessing = 0;
		};
		6DE04AD32063F0CE00103750 /* Resources */ = {
			isa = PBXResourcesBuildPhase;
			buildActionMask = 2147483647;
			files = (
			);
			runOnlyForDeploymentPostprocessing = 0;
		};
/* End PBXResourcesBuildPhase section */

/* Begin PBXSourcesBuildPhase section */
		6DE04AAF2063F0CD00103750 /* Sources */ = {
			isa = PBXSourcesBuildPhase;
			buildActionMask = 2147483647;
			files = (
				6DE04AB92063F0CD00103750 /* ViewController.swift in Sources */,
				6DE04ABF2063F0CD00103750 /* Example.xcdatamodeld in Sources */,
				6DE04AB72063F0CD00103750 /* AppDelegate.swift in Sources */,
			);
			runOnlyForDeploymentPostprocessing = 0;
		};
		6DE04AC62063F0CE00103750 /* Sources */ = {
			isa = PBXSourcesBuildPhase;
			buildActionMask = 2147483647;
			files = (
				6DE04ACF2063F0CE00103750 /* ExampleTests.swift in Sources */,
			);
			runOnlyForDeploymentPostprocessing = 0;
		};
		6DE04AD12063F0CE00103750 /* Sources */ = {
			isa = PBXSourcesBuildPhase;
			buildActionMask = 2147483647;
			files = (
				6DE04ADA2063F0CE00103750 /* ExampleUITests.swift in Sources */,
			);
			runOnlyForDeploymentPostprocessing = 0;
		};
/* End PBXSourcesBuildPhase section */

/* Begin PBXTargetDependency section */
		6DE04ACC2063F0CE00103750 /* PBXTargetDependency */ = {
			isa = PBXTargetDependency;
			target = 6DE04AB22063F0CD00103750 /* Example */;
			targetProxy = 6DE04ACB2063F0CE00103750 /* PBXContainerItemProxy */;
		};
		6DE04AD72063F0CE00103750 /* PBXTargetDependency */ = {
			isa = PBXTargetDependency;
			target = 6DE04AB22063F0CD00103750 /* Example */;
			targetProxy = 6DE04AD62063F0CE00103750 /* PBXContainerItemProxy */;
		};
/* End PBXTargetDependency section */

/* Begin PBXVariantGroup section */
		6DE04ABA2063F0CD00103750 /* Main.storyboard */ = {
			isa = PBXVariantGroup;
			children = (
				6DE04ABB2063F0CD00103750 /* Base */,
			);
			name = Main.storyboard;
			sourceTree = "<group>";
		};
		6DE04AC22063F0CD00103750 /* LaunchScreen.storyboard */ = {
			isa = PBXVariantGroup;
			children = (
				6DE04AC32063F0CD00103750 /* Base */,
			);
			name = LaunchScreen.storyboard;
			sourceTree = "<group>";
		};
/* End PBXVariantGroup section */

/* Begin XCBuildConfiguration section */
		6DE04ADC2063F0CE00103750 /* Debug */ = {
			isa = XCBuildConfiguration;
			buildSettings = {
				ALWAYS_SEARCH_USER_PATHS = NO;
				CLANG_ANALYZER_NONNULL = YES;
				CLANG_ANALYZER_NUMBER_OBJECT_CONVERSION = YES_AGGRESSIVE;
				CLANG_CXX_LANGUAGE_STANDARD = "gnu++14";
				CLANG_CXX_LIBRARY = "libc++";
				CLANG_ENABLE_MODULES = YES;
				CLANG_ENABLE_OBJC_ARC = YES;
				CLANG_WARN_BLOCK_CAPTURE_AUTORELEASING = YES;
				CLANG_WARN_BOOL_CONVERSION = YES;
				CLANG_WARN_COMMA = YES;
				CLANG_WARN_CONSTANT_CONVERSION = YES;
				CLANG_WARN_DIRECT_OBJC_ISA_USAGE = YES_ERROR;
				CLANG_WARN_DOCUMENTATION_COMMENTS = YES;
				CLANG_WARN_EMPTY_BODY = YES;
				CLANG_WARN_ENUM_CONVERSION = YES;
				CLANG_WARN_INFINITE_RECURSION = YES;
				CLANG_WARN_INT_CONVERSION = YES;
				CLANG_WARN_NON_LITERAL_NULL_CONVERSION = YES;
				CLANG_WARN_OBJC_LITERAL_CONVERSION = YES;
				CLANG_WARN_OBJC_ROOT_CLASS = YES_ERROR;
				CLANG_WARN_RANGE_LOOP_ANALYSIS = YES;
				CLANG_WARN_STRICT_PROTOTYPES = YES;
				CLANG_WARN_SUSPICIOUS_MOVE = YES;
				CLANG_WARN_UNGUARDED_AVAILABILITY = YES_AGGRESSIVE;
				CLANG_WARN_UNREACHABLE_CODE = YES;
				CLANG_WARN__DUPLICATE_METHOD_MATCH = YES;
				CODE_SIGN_IDENTITY = "iPhone Developer";
				COPY_PHASE_STRIP = NO;
				DEBUG_INFORMATION_FORMAT = dwarf;
				ENABLE_STRICT_OBJC_MSGSEND = YES;
				ENABLE_TESTABILITY = YES;
				GCC_C_LANGUAGE_STANDARD = gnu11;
				GCC_DYNAMIC_NO_PIC = NO;
				GCC_NO_COMMON_BLOCKS = YES;
				GCC_OPTIMIZATION_LEVEL = 0;
				GCC_PREPROCESSOR_DEFINITIONS = (
					"DEBUG=1",
					"$(inherited)",
				);
				GCC_WARN_64_TO_32_BIT_CONVERSION = YES;
				GCC_WARN_ABOUT_RETURN_TYPE = YES_ERROR;
				GCC_WARN_UNDECLARED_SELECTOR = YES;
				GCC_WARN_UNINITIALIZED_AUTOS = YES_AGGRESSIVE;
				GCC_WARN_UNUSED_FUNCTION = YES;
				GCC_WARN_UNUSED_VARIABLE = YES;
				IPHONEOS_DEPLOYMENT_TARGET = 11.2;
				MTL_ENABLE_DEBUG_INFO = YES;
				ONLY_ACTIVE_ARCH = YES;
				SDKROOT = iphoneos;
				SWIFT_ACTIVE_COMPILATION_CONDITIONS = DEBUG;
				SWIFT_OPTIMIZATION_LEVEL = "-Onone";
			};
			name = Debug;
		};
		6DE04ADD2063F0CE00103750 /* Release */ = {
			isa = XCBuildConfiguration;
			buildSettings = {
				ALWAYS_SEARCH_USER_PATHS = NO;
				CLANG_ANALYZER_NONNULL = YES;
				CLANG_ANALYZER_NUMBER_OBJECT_CONVERSION = YES_AGGRESSIVE;
				CLANG_CXX_LANGUAGE_STANDARD = "gnu++14";
				CLANG_CXX_LIBRARY = "libc++";
				CLANG_ENABLE_MODULES = YES;
				CLANG_ENABLE_OBJC_ARC = YES;
				CLANG_WARN_BLOCK_CAPTURE_AUTORELEASING = YES;
				CLANG_WARN_BOOL_CONVERSION = YES;
				CLANG_WARN_COMMA = YES;
				CLANG_WARN_CONSTANT_CONVERSION = YES;
				CLANG_WARN_DIRECT_OBJC_ISA_USAGE = YES_ERROR;
				CLANG_WARN_DOCUMENTATION_COMMENTS = YES;
				CLANG_WARN_EMPTY_BODY = YES;
				CLANG_WARN_ENUM_CONVERSION = YES;
				CLANG_WARN_INFINITE_RECURSION = YES;
				CLANG_WARN_INT_CONVERSION = YES;
				CLANG_WARN_NON_LITERAL_NULL_CONVERSION = YES;
				CLANG_WARN_OBJC_LITERAL_CONVERSION = YES;
				CLANG_WARN_OBJC_ROOT_CLASS = YES_ERROR;
				CLANG_WARN_RANGE_LOOP_ANALYSIS = YES;
				CLANG_WARN_STRICT_PROTOTYPES = YES;
				CLANG_WARN_SUSPICIOUS_MOVE = YES;
				CLANG_WARN_UNGUARDED_AVAILABILITY = YES_AGGRESSIVE;
				CLANG_WARN_UNREACHABLE_CODE = YES;
				CLANG_WARN__DUPLICATE_METHOD_MATCH = YES;
				CODE_SIGN_IDENTITY = "iPhone Developer";
				COPY_PHASE_STRIP = NO;
				DEBUG_INFORMATION_FORMAT = "dwarf-with-dsym";
				ENABLE_NS_ASSERTIONS = NO;
				ENABLE_STRICT_OBJC_MSGSEND = YES;
				GCC_C_LANGUAGE_STANDARD = gnu11;
				GCC_NO_COMMON_BLOCKS = YES;
				GCC_WARN_64_TO_32_BIT_CONVERSION = YES;
				GCC_WARN_ABOUT_RETURN_TYPE = YES_ERROR;
				GCC_WARN_UNDECLARED_SELECTOR = YES;
				GCC_WARN_UNINITIALIZED_AUTOS = YES_AGGRESSIVE;
				GCC_WARN_UNUSED_FUNCTION = YES;
				GCC_WARN_UNUSED_VARIABLE = YES;
				IPHONEOS_DEPLOYMENT_TARGET = 11.2;
				MTL_ENABLE_DEBUG_INFO = NO;
				SDKROOT = iphoneos;
				SWIFT_OPTIMIZATION_LEVEL = "-Owholemodule";
				VALIDATE_PRODUCT = YES;
			};
			name = Release;
		};
		6DE04ADF2063F0CE00103750 /* Debug */ = {
			isa = XCBuildConfiguration;
			buildSettings = {
				ASSETCATALOG_COMPILER_APPICON_NAME = AppIcon;
				CODE_SIGN_STYLE = Automatic;
				DEVELOPMENT_TEAM = W25SJN7457;
				INFOPLIST_FILE = Example/Info.plist;
				LD_RUNPATH_SEARCH_PATHS = "$(inherited) @executable_path/Frameworks";
				PRODUCT_BUNDLE_IDENTIFIER = com.multiplica.Example;
				PRODUCT_NAME = "$(TARGET_NAME)";
				SWIFT_VERSION = 4.0;
				TARGETED_DEVICE_FAMILY = "1,2";
			};
			name = Debug;
		};
		6DE04AE02063F0CE00103750 /* Release */ = {
			isa = XCBuildConfiguration;
			buildSettings = {
				ASSETCATALOG_COMPILER_APPICON_NAME = AppIcon;
				CODE_SIGN_STYLE = Automatic;
				DEVELOPMENT_TEAM = W25SJN7457;
				INFOPLIST_FILE = Example/Info.plist;
				LD_RUNPATH_SEARCH_PATHS = "$(inherited) @executable_path/Frameworks";
				PRODUCT_BUNDLE_IDENTIFIER = com.multiplica.Example;
				PRODUCT_NAME = "$(TARGET_NAME)";
				SWIFT_VERSION = 4.0;
				TARGETED_DEVICE_FAMILY = "1,2";
			};
			name = Release;
		};
		6DE04AE22063F0CE00103750 /* Debug */ = {
			isa = XCBuildConfiguration;
			buildSettings = {
				ALWAYS_EMBED_SWIFT_STANDARD_LIBRARIES = YES;
				BUNDLE_LOADER = "$(TEST_HOST)";
				CODE_SIGN_STYLE = Automatic;
				DEVELOPMENT_TEAM = W25SJN7457;
				INFOPLIST_FILE = ExampleTests/Info.plist;
				LD_RUNPATH_SEARCH_PATHS = "$(inherited) @executable_path/Frameworks @loader_path/Frameworks";
				PRODUCT_BUNDLE_IDENTIFIER = com.multiplica.ExampleTests;
				PRODUCT_NAME = "$(TARGET_NAME)";
				SWIFT_VERSION = 4.0;
				TARGETED_DEVICE_FAMILY = "1,2";
				TEST_HOST = "$(BUILT_PRODUCTS_DIR)/Example.app/Example";
			};
			name = Debug;
		};
		6DE04AE32063F0CE00103750 /* Release */ = {
			isa = XCBuildConfiguration;
			buildSettings = {
				ALWAYS_EMBED_SWIFT_STANDARD_LIBRARIES = YES;
				BUNDLE_LOADER = "$(TEST_HOST)";
				CODE_SIGN_STYLE = Automatic;
				DEVELOPMENT_TEAM = W25SJN7457;
				INFOPLIST_FILE = ExampleTests/Info.plist;
				LD_RUNPATH_SEARCH_PATHS = "$(inherited) @executable_path/Frameworks @loader_path/Frameworks";
				PRODUCT_BUNDLE_IDENTIFIER = com.multiplica.ExampleTests;
				PRODUCT_NAME = "$(TARGET_NAME)";
				SWIFT_VERSION = 4.0;
				TARGETED_DEVICE_FAMILY = "1,2";
				TEST_HOST = "$(BUILT_PRODUCTS_DIR)/Example.app/Example";
			};
			name = Release;
		};
		6DE04AE52063F0CE00103750 /* Debug */ = {
			isa = XCBuildConfiguration;
			buildSettings = {
				ALWAYS_EMBED_SWIFT_STANDARD_LIBRARIES = YES;
				CODE_SIGN_STYLE = Automatic;
				DEVELOPMENT_TEAM = W25SJN7457;
				INFOPLIST_FILE = ExampleUITests/Info.plist;
				LD_RUNPATH_SEARCH_PATHS = "$(inherited) @executable_path/Frameworks @loader_path/Frameworks";
				PRODUCT_BUNDLE_IDENTIFIER = com.multiplica.ExampleUITests;
				PRODUCT_NAME = "$(TARGET_NAME)";
				SWIFT_VERSION = 4.0;
				TARGETED_DEVICE_FAMILY = "1,2";
				TEST_TARGET_NAME = Example;
			};
			name = Debug;
		};
		6DE04AE62063F0CE00103750 /* Release */ = {
			isa = XCBuildConfiguration;
			buildSettings = {
				ALWAYS_EMBED_SWIFT_STANDARD_LIBRARIES = YES;
				CODE_SIGN_STYLE = Automatic;
				DEVELOPMENT_TEAM = W25SJN7457;
				INFOPLIST_FILE = ExampleUITests/Info.plist;
				LD_RUNPATH_SEARCH_PATHS = "$(inherited) @executable_path/Frameworks @loader_path/Frameworks";
				PRODUCT_BUNDLE_IDENTIFIER = com.multiplica.ExampleUITests;
				PRODUCT_NAME = "$(TARGET_NAME)";
				SWIFT_VERSION = 4.0;
				TARGETED_DEVICE_FAMILY = "1,2";
				TEST_TARGET_NAME = Example;
			};
			name = Release;
		};
/* End XCBuildConfiguration section */

/* Begin XCConfigurationList section */
		6DE04AAE2063F0CD00103750 /* Build configuration list for PBXProject "Example" */ = {
			isa = XCConfigurationList;
			buildConfigurations = (
				6DE04ADC2063F0CE00103750 /* Debug */,
				6DE04ADD2063F0CE00103750 /* Release */,
			);
			defaultConfigurationIsVisible = 0;
			defaultConfigurationName = Release;
		};
		6DE04ADE2063F0CE00103750 /* Build configuration list for PBXNativeTarget "Example" */ = {
			isa = XCConfigurationList;
			buildConfigurations = (
				6DE04ADF2063F0CE00103750 /* Debug */,
				6DE04AE02063F0CE00103750 /* Release */,
			);
			defaultConfigurationIsVisible = 0;
			defaultConfigurationName = Release;
		};
		6DE04AE12063F0CE00103750 /* Build configuration list for PBXNativeTarget "ExampleTests" */ = {
			isa = XCConfigurationList;
			buildConfigurations = (
				6DE04AE22063F0CE00103750 /* Debug */,
				6DE04AE32063F0CE00103750 /* Release */,
			);
			defaultConfigurationIsVisible = 0;
			defaultConfigurationName = Release;
		};
		6DE04AE42063F0CE00103750 /* Build configuration list for PBXNativeTarget "ExampleUITests" */ = {
			isa = XCConfigurationList;
			buildConfigurations = (
				6DE04AE52063F0CE00103750 /* Debug */,
				6DE04AE62063F0CE00103750 /* Release */,
			);
			defaultConfigurationIsVisible = 0;
			defaultConfigurationName = Release;
		};
/* End XCConfigurationList section */

/* Begin XCVersionGroup section */
		6DE04ABD2063F0CD00103750 /* Example.xcdatamodeld */ = {
			isa = XCVersionGroup;
			children = (
				6DE04ABE2063F0CD00103750 /* Example.xcdatamodel */,
			);
			currentVersion = 6DE04ABE2063F0CD00103750 /* Example.xcdatamodel */;
			path = Example.xcdatamodeld;
			sourceTree = "<group>";
			versionGroupType = wrapper.xcdatamodel;
		};
/* End XCVersionGroup section */
	};
	rootObject = 6DE04AAB2063F0CD00103750 /* Project object */;
}
